{
  "requires": true,
  "lockfileVersion": 1,
  "dependencies": {
    "vue-apexcharts": {
      "version": "1.5.3",
      "resolved": "https://registry.npmjs.org/vue-apexcharts/-/vue-apexcharts-1.5.3.tgz",
      "integrity": "sha512-ImbvQxgwbLMrEc9/veDIJ7lzncf1fJDSNqqK0x2YDNUCq5tE9uqM4Gb/ZYUB5WlDM3vDpzwDEmsidWcaO6/WXQ=="
    }
  }
}
